schema: '2.0'
stages:
  prepare_dataset:
    cmd: python src/models/prepare_dataset.py data/processed/toxic.csv data/processed/train.csv
      data/processed/test.csv
    deps:
    - path: data/processed/toxic.csv
      md5: 8e9224a053401ca48345a67822219d7c
      size: 447
    - path: src/models/prepare_dataset.py
      md5: 58475ace29a2c8f6930db5a27eba7f4d
      size: 977
    outs:
    - path: data/processed/test.csv
      md5: ed2bf23beb651c9a0e6005afaf7fc589
      size: 332
    - path: data/processed/train.csv
      md5: 44c93596ef2d2b5211969ba7c3f5d636
      size: 1363
  train:
    cmd: python src/models/train.py  data/processed/train.csv data/processed/test.csv
      models/model.clf
    deps:
    - path: data/processed/test.csv
      md5: ed2bf23beb651c9a0e6005afaf7fc589
      size: 332
    - path: data/processed/train.csv
      md5: 44c93596ef2d2b5211969ba7c3f5d636
      size: 1363
    - path: src/models/train.py
      md5: e1b510c6a5d5fe76eb2dd2ee2f543e2f
      size: 936
    outs:
    - path: models/model.clf
      md5: b64f7e7aaeae069e92ccb2a5172228e9
      size: 121480
  evaluate:
    cmd: python src/models/evaluate.py  data/processed/test.csv models/model.clf reports/scores.json
    deps:
    - path: models/model.clf
      md5: b64f7e7aaeae069e92ccb2a5172228e9
      size: 121480
    - path: src/models/evaluate.py
      md5: 7a718d9456e18e052727063a891b46a9
      size: 934
    outs:
    - path: reports/scores.json
      md5: 675f1a1679644bbbbc673f6a789443d5
      size: 55
