schema: '2.0'
stages:
  prepare_dataset:
    cmd: python src/models/prepare_dataset.py data/interim/Database_3_cleaned.csv
      data/processed/train.csv data/processed/test.csv
    deps:
    - path: data/interim/Database_3_cleaned.csv
      md5: 25a8365f2fba9112a9689dd38ad3eaf1
      size: 213402
    - path: src/models/prepare_dataset.py
      md5: 7115c35beee456a1759d2a5f1b56522e
      size: 804
    outs:
    - path: data/processed/test.csv
      md5: c0a85076099317eb0df6f6c857dc85dc
      size: 11453
    - path: data/processed/train.csv
      md5: 816010693d995046b66fcf3aa6a8eeb5
      size: 98772
  train:
    cmd: python src/models/train.py  data/processed/train.csv data/processed/test.csv
      models/model.clf models/scaler.save
    deps:
    - path: data/processed/test.csv
      md5: c0a85076099317eb0df6f6c857dc85dc
      size: 11453
    - path: data/processed/train.csv
      md5: 816010693d995046b66fcf3aa6a8eeb5
      size: 98772
    - path: src/models/train.py
      md5: aeeb7150610578f325f598c761cc5916
      size: 1274
    outs:
    - path: models/model.clf
      md5: b3275e7139c94c369e21e52177c033a7
      size: 3011444
    - path: models/scaler.save
      md5: 4ee6989ddb8e296533cb0e78c60ac769
      size: 1787
  evaluate:
    cmd: python src/models/evaluate.py  data/processed/test.csv models/model.clf models/scaler.save
      reports/scores.json
    deps:
    - path: models/model.clf
      md5: b3275e7139c94c369e21e52177c033a7
      size: 3011444
    - path: models/scaler.save
      md5: 4ee6989ddb8e296533cb0e78c60ac769
      size: 1787
    - path: src/models/evaluate.py
      md5: fcd3699a3a93ba996a833a682ea29508
      size: 1047
    outs:
    - path: reports/scores.json
      md5: 804827f428c6617cc94410b3abfdb685
      size: 54
  clean_data:
    cmd: python src/data/clean.py data/raw/Database_3.xlsx data/interim/Database_3_cleaned.csv
    deps:
    - path: data/raw/Database_3.xlsx
      md5: 5a093260d491924083ac218e59f088b7
      size: 528185
    - path: src/data/clean.py
      md5: b56d8715095db69f2545fb84239e13b6
      size: 754
    outs:
    - path: data/interim/Database_3_cleaned.csv
      md5: 25a8365f2fba9112a9689dd38ad3eaf1
      size: 213402
